// !$*UTF8*$!
{
	archiveVersion = 1;
	classes = {
	};
	objectVersion = 48;
	objects = {

/* Begin PBXBuildFile section */
		21832A4C56207B8138A208D5 /* Pods_MacawTesting.framework in Frameworks */ = {isa = PBXBuildFile; fileRef = 27204B75512D6F437A88FFC7 /* Pods_MacawTesting.framework */; };
		8F4A1FBE1FDB121900FAE39E /* AppDelegate.swift in Sources */ = {isa = PBXBuildFile; fileRef = 8F4A1FBD1FDB121900FAE39E /* AppDelegate.swift */; };
		8F4A1FC01FDB121900FAE39E /* ViewController.swift in Sources */ = {isa = PBXBuildFile; fileRef = 8F4A1FBF1FDB121900FAE39E /* ViewController.swift */; };
		8F4A1FC31FDB121900FAE39E /* Main.storyboard in Resources */ = {isa = PBXBuildFile; fileRef = 8F4A1FC11FDB121900FAE39E /* Main.storyboard */; };
		8F4A1FC51FDB121900FAE39E /* Assets.xcassets in Resources */ = {isa = PBXBuildFile; fileRef = 8F4A1FC41FDB121900FAE39E /* Assets.xcassets */; };
		8F4A1FC81FDB121900FAE39E /* LaunchScreen.storyboard in Resources */ = {isa = PBXBuildFile; fileRef = 8F4A1FC61FDB121900FAE39E /* LaunchScreen.storyboard */; };
		8F4A1FD01FDB12EF00FAE39E /* kitty.svg in Resources */ = {isa = PBXBuildFile; fileRef = 8F4A1FCF1FDB12EF00FAE39E /* kitty.svg */; };
/* End PBXBuildFile section */

/* Begin PBXFileReference section */
		27204B75512D6F437A88FFC7 /* Pods_MacawTesting.framework */ = {isa = PBXFileReference; explicitFileType = wrapper.framework; includeInIndex = 0; path = Pods_MacawTesting.framework; sourceTree = BUILT_PRODUCTS_DIR; };
		4D684920B3BE9FFDA0BD31AC /* Pods-MacawTesting.release.xcconfig */ = {isa = PBXFileReference; includeInIndex = 1; lastKnownFileType = text.xcconfig; name = "Pods-MacawTesting.release.xcconfig"; path = "Pods/Target Support Files/Pods-MacawTesting/Pods-MacawTesting.release.xcconfig"; sourceTree = "<group>"; };
		52E6BE01B18F7EA59DB71333 /* Pods-MacawTesting.debug.xcconfig */ = {isa = PBXFileReference; includeInIndex = 1; lastKnownFileType = text.xcconfig; name = "Pods-MacawTesting.debug.xcconfig"; path = "Pods/Target Support Files/Pods-MacawTesting/Pods-MacawTesting.debug.xcconfig"; sourceTree = "<group>"; };
		8F4A1FBA1FDB121900FAE39E /* MacawTesting.app */ = {isa = PBXFileReference; explicitFileType = wrapper.application; includeInIndex = 0; path = MacawTesting.app; sourceTree = BUILT_PRODUCTS_DIR; };
		8F4A1FBD1FDB121900FAE39E /* AppDelegate.swift */ = {isa = PBXFileReference; lastKnownFileType = sourcecode.swift; path = AppDelegate.swift; sourceTree = "<group>"; };
		8F4A1FBF1FDB121900FAE39E /* ViewController.swift */ = {isa = PBXFileReference; lastKnownFileType = sourcecode.swift; path = ViewController.swift; sourceTree = "<group>"; };
		8F4A1FC21FDB121900FAE39E /* Base */ = {isa = PBXFileReference; lastKnownFileType = file.storyboard; name = Base; path = Base.lproj/Main.storyboard; sourceTree = "<group>"; };
		8F4A1FC41FDB121900FAE39E /* Assets.xcassets */ = {isa = PBXFileReference; lastKnownFileType = folder.assetcatalog; path = Assets.xcassets; sourceTree = "<group>"; };
		8F4A1FC71FDB121900FAE39E /* Base */ = {isa = PBXFileReference; lastKnownFileType = file.storyboard; name = Base; path = Base.lproj/LaunchScreen.storyboard; sourceTree = "<group>"; };
		8F4A1FC91FDB121900FAE39E /* Info.plist */ = {isa = PBXFileReference; lastKnownFileType = text.plist.xml; path = Info.plist; sourceTree = "<group>"; };
		8F4A1FCF1FDB12EF00FAE39E /* kitty.svg */ = {isa = PBXFileReference; lastKnownFileType = text; path = kitty.svg; sourceTree = "<group>"; };
/* End PBXFileReference section */

/* Begin PBXFrameworksBuildPhase section */
		8F4A1FB71FDB121900FAE39E /* Frameworks */ = {
			isa = PBXFrameworksBuildPhase;
			buildActionMask = 2147483647;
			files = (
				21832A4C56207B8138A208D5 /* Pods_MacawTesting.framework in Frameworks */,
			);
			runOnlyForDeploymentPostprocessing = 0;
		};
/* End PBXFrameworksBuildPhase section */

/* Begin PBXGroup section */
		6DAD602FB92F7CACF8110A8E /* Frameworks */ = {
			isa = PBXGroup;
			children = (
				27204B75512D6F437A88FFC7 /* Pods_MacawTesting.framework */,
			);
			name = Frameworks;
			sourceTree = "<group>";
		};
		7A69C7658E5CA89CEF24A0DF /* Pods */ = {
			isa = PBXGroup;
			children = (
				52E6BE01B18F7EA59DB71333 /* Pods-MacawTesting.debug.xcconfig */,
				4D684920B3BE9FFDA0BD31AC /* Pods-MacawTesting.release.xcconfig */,
			);
			name = Pods;
			sourceTree = "<group>";
		};
		8F4A1FB11FDB121800FAE39E = {
			isa = PBXGroup;
			children = (
				8F4A1FBC1FDB121900FAE39E /* MacawTesting */,
				8F4A1FBB1FDB121900FAE39E /* Products */,
				7A69C7658E5CA89CEF24A0DF /* Pods */,
				6DAD602FB92F7CACF8110A8E /* Frameworks */,
			);
			sourceTree = "<group>";
		};
		8F4A1FBB1FDB121900FAE39E /* Products */ = {
			isa = PBXGroup;
			children = (
				8F4A1FBA1FDB121900FAE39E /* MacawTesting.app */,
			);
			name = Products;
			sourceTree = "<group>";
		};
		8F4A1FBC1FDB121900FAE39E /* MacawTesting */ = {
			isa = PBXGroup;
			children = (
				8F4A1FBD1FDB121900FAE39E /* AppDelegate.swift */,
				8F4A1FBF1FDB121900FAE39E /* ViewController.swift */,
				8F4A1FC11FDB121900FAE39E /* Main.storyboard */,
				8F4A1FC41FDB121900FAE39E /* Assets.xcassets */,
				8F4A1FC61FDB121900FAE39E /* LaunchScreen.storyboard */,
				8F4A1FC91FDB121900FAE39E /* Info.plist */,
				8F4A1FCF1FDB12EF00FAE39E /* kitty.svg */,
			);
			path = MacawTesting;
			sourceTree = "<group>";
		};
/* End PBXGroup section */

/* Begin PBXNativeTarget section */
		8F4A1FB91FDB121900FAE39E /* MacawTesting */ = {
			isa = PBXNativeTarget;
			buildConfigurationList = 8F4A1FCC1FDB121900FAE39E /* Build configuration list for PBXNativeTarget "MacawTesting" */;
			buildPhases = (
				BE7FF5602F8262954FE3C7A8 /* [CP] Check Pods Manifest.lock */,
				8F4A1FB61FDB121900FAE39E /* Sources */,
				8F4A1FB71FDB121900FAE39E /* Frameworks */,
				8F4A1FB81FDB121900FAE39E /* Resources */,
				04C75B6D04AAE606ED581D37 /* [CP] Embed Pods Frameworks */,
				79ED516074BE3D45C5A6EA33 /* [CP] Copy Pods Resources */,
			);
			buildRules = (
			);
			dependencies = (
			);
			name = MacawTesting;
			productName = MacawTesting;
			productReference = 8F4A1FBA1FDB121900FAE39E /* MacawTesting.app */;
			productType = "com.apple.product-type.application";
		};
/* End PBXNativeTarget section */

/* Begin PBXProject section */
		8F4A1FB21FDB121800FAE39E /* Project object */ = {
			isa = PBXProject;
			attributes = {
				LastSwiftUpdateCheck = 0920;
				LastUpgradeCheck = 0920;
				ORGANIZATIONNAME = "Raghav Mangrola";
				TargetAttributes = {
					8F4A1FB91FDB121900FAE39E = {
						CreatedOnToolsVersion = 9.2;
						ProvisioningStyle = Automatic;
					};
				};
			};
			buildConfigurationList = 8F4A1FB51FDB121800FAE39E /* Build configuration list for PBXProject "MacawTesting" */;
			compatibilityVersion = "Xcode 8.0";
			developmentRegion = en;
			hasScannedForEncodings = 0;
			knownRegions = (
				en,
				Base,
			);
			mainGroup = 8F4A1FB11FDB121800FAE39E;
			productRefGroup = 8F4A1FBB1FDB121900FAE39E /* Products */;
			projectDirPath = "";
			projectRoot = "";
			targets = (
				8F4A1FB91FDB121900FAE39E /* MacawTesting */,
			);
		};
/* End PBXProject section */

/* Begin PBXResourcesBuildPhase section */
		8F4A1FB81FDB121900FAE39E /* Resources */ = {
			isa = PBXResourcesBuildPhase;
			buildActionMask = 2147483647;
			files = (
				8F4A1FD01FDB12EF00FAE39E /* kitty.svg in Resources */,
				8F4A1FC81FDB121900FAE39E /* LaunchScreen.storyboard in Resources */,
				8F4A1FC51FDB121900FAE39E /* Assets.xcassets in Resources */,
				8F4A1FC31FDB121900FAE39E /* Main.storyboard in Resources */,
			);
			runOnlyForDeploymentPostprocessing = 0;
		};
/* End PBXResourcesBuildPhase section */

/* Begin PBXShellScriptBuildPhase section */
		04C75B6D04AAE606ED581D37 /* [CP] Embed Pods Frameworks */ = {
			isa = PBXShellScriptBuildPhase;
			buildActionMask = 2147483647;
			files = (
			);
			inputPaths = (
				"${SRCROOT}/Pods/Target Support Files/Pods-MacawTesting/Pods-MacawTesting-frameworks.sh",
				"${BUILT_PRODUCTS_DIR}/Macaw/Macaw.framework",
				"${BUILT_PRODUCTS_DIR}/SWXMLHash/SWXMLHash.framework",
			);
			name = "[CP] Embed Pods Frameworks";
			outputPaths = (
				"${TARGET_BUILD_DIR}/${FRAMEWORKS_FOLDER_PATH}/Macaw.framework",
				"${TARGET_BUILD_DIR}/${FRAMEWORKS_FOLDER_PATH}/SWXMLHash.framework",
			);
			runOnlyForDeploymentPostprocessing = 0;
			shellPath = /bin/sh;
			shellScript = "\"${SRCROOT}/Pods/Target Support Files/Pods-MacawTesting/Pods-MacawTesting-frameworks.sh\"\n";
			showEnvVarsInLog = 0;
		};
		79ED516074BE3D45C5A6EA33 /* [CP] Copy Pods Resources */ = {
			isa = PBXShellScriptBuildPhase;
			buildActionMask = 2147483647;
			files = (
			);
			inputPaths = (
			);
			name = "[CP] Copy Pods Resources";
			outputPaths = (
			);
			runOnlyForDeploymentPostprocessing = 0;
			shellPath = /bin/sh;
			shellScript = "\"${SRCROOT}/Pods/Target Support Files/Pods-MacawTesting/Pods-MacawTesting-resources.sh\"\n";
			showEnvVarsInLog = 0;
		};
		BE7FF5602F8262954FE3C7A8 /* [CP] Check Pods Manifest.lock */ = {
			isa = PBXShellScriptBuildPhase;
			buildActionMask = 2147483647;
			files = (
			);
			inputPaths = (
				"${PODS_PODFILE_DIR_PATH}/Podfile.lock",
				"${PODS_ROOT}/Manifest.lock",
			);
			name = "[CP] Check Pods Manifest.lock";
			outputPaths = (
				"$(DERIVED_FILE_DIR)/Pods-MacawTesting-checkManifestLockResult.txt",
			);
			runOnlyForDeploymentPostprocessing = 0;
			shellPath = /bin/sh;
			shellScript = "diff \"${PODS_PODFILE_DIR_PATH}/Podfile.lock\" \"${PODS_ROOT}/Manifest.lock\" > /dev/null\nif [ $? != 0 ] ; then\n    # print error to STDERR\n    echo \"error: The sandbox is not in sync with the Podfile.lock. Run 'pod install' or update your CocoaPods installation.\" >&2\n    exit 1\nfi\n# This output is used by Xcode 'outputs' to avoid re-running this script phase.\necho \"SUCCESS\" > \"${SCRIPT_OUTPUT_FILE_0}\"\n";
			showEnvVarsInLog = 0;
		};
/* End PBXShellScriptBuildPhase section */

/* Begin PBXSourcesBuildPhase section */
		8F4A1FB61FDB121900FAE39E /* Sources */ = {
			isa = PBXSourcesBuildPhase;
			buildActionMask = 2147483647;
			files = (
				8F4A1FC01FDB121900FAE39E /* ViewController.swift in Sources */,
				8F4A1FBE1FDB121900FAE39E /* AppDelegate.swift in Sources */,
			);
			runOnlyForDeploymentPostprocessing = 0;
		};
/* End PBXSourcesBuildPhase section */

/* Begin PBXVariantGroup section */
		8F4A1FC11FDB121900FAE39E /* Main.storyboard */ = {
			isa = PBXVariantGroup;
			children = (
				8F4A1FC21FDB121900FAE39E /* Base */,
			);
			name = Main.storyboard;
			sourceTree = "<group>";
		};
		8F4A1FC61FDB121900FAE39E /* LaunchScreen.storyboard */ = {
			isa = PBXVariantGroup;
			children = (
				8F4A1FC71FDB121900FAE39E /* Base */,
			);
			name = LaunchScreen.storyboard;
			sourceTree = "<group>";
		};
/* End PBXVariantGroup section */

/* Begin XCBuildConfiguration section */
		8F4A1FCA1FDB121900FAE39E /* Debug */ = {
			isa = XCBuildConfiguration;
			buildSettings = {
				ALWAYS_SEARCH_USER_PATHS = NO;
				CLANG_ANALYZER_NONNULL = YES;
				CLANG_ANALYZER_NUMBER_OBJECT_CONVERSION = YES_AGGRESSIVE;
				CLANG_CXX_LANGUAGE_STANDARD = "gnu++14";
				CLANG_CXX_LIBRARY = "libc++";
				CLANG_ENABLE_MODULES = YES;
				CLANG_ENABLE_OBJC_ARC = YES;
				CLANG_WARN_BLOCK_CAPTURE_AUTORELEASING = YES;
				CLANG_WARN_BOOL_CONVERSION = YES;
				CLANG_WARN_COMMA = YES;
				CLANG_WARN_CONSTANT_CONVERSION = YES;
				CLANG_WARN_DIRECT_OBJC_ISA_USAGE = YES_ERROR;
				CLANG_WARN_DOCUMENTATION_COMMENTS = YES;
				CLANG_WARN_EMPTY_BODY = YES;
				CLANG_WARN_ENUM_CONVERSION = YES;
				CLANG_WARN_INFINITE_RECURSION = YES;
				CLANG_WARN_INT_CONVERSION = YES;
				CLANG_WARN_NON_LITERAL_NULL_CONVERSION = YES;
				CLANG_WARN_OBJC_LITERAL_CONVERSION = YES;
				CLANG_WARN_OBJC_ROOT_CLASS = YES_ERROR;
				CLANG_WARN_RANGE_LOOP_ANALYSIS = YES;
				CLANG_WARN_STRICT_PROTOTYPES = YES;
				CLANG_WARN_SUSPICIOUS_MOVE = YES;
				CLANG_WARN_UNGUARDED_AVAILABILITY = YES_AGGRESSIVE;
				CLANG_WARN_UNREACHABLE_CODE = YES;
				CLANG_WARN__DUPLICATE_METHOD_MATCH = YES;
				CODE_SIGN_IDENTITY = "iPhone Developer";
				COPY_PHASE_STRIP = NO;
				DEBUG_INFORMATION_FORMAT = dwarf;
				ENABLE_STRICT_OBJC_MSGSEND = YES;
				ENABLE_TESTABILITY = YES;
				GCC_C_LANGUAGE_STANDARD = gnu11;
				GCC_DYNAMIC_NO_PIC = NO;
				GCC_NO_COMMON_BLOCKS = YES;
				GCC_OPTIMIZATION_LEVEL = 0;
				GCC_PREPROCESSOR_DEFINITIONS = (
					"DEBUG=1",
					"$(inherited)",
				);
				GCC_WARN_64_TO_32_BIT_CONVERSION = YES;
				GCC_WARN_ABOUT_RETURN_TYPE = YES_ERROR;
				GCC_WARN_UNDECLARED_SELECTOR = YES;
				GCC_WARN_UNINITIALIZED_AUTOS = YES_AGGRESSIVE;
				GCC_WARN_UNUSED_FUNCTION = YES;
				GCC_WARN_UNUSED_VARIABLE = YES;
				IPHONEOS_DEPLOYMENT_TARGET = 11.2;
				MTL_ENABLE_DEBUG_INFO = YES;
				ONLY_ACTIVE_ARCH = YES;
				SDKROOT = iphoneos;
				SWIFT_ACTIVE_COMPILATION_CONDITIONS = DEBUG;
				SWIFT_OPTIMIZATION_LEVEL = "-Onone";
			};
			name = Debug;
		};
		8F4A1FCB1FDB121900FAE39E /* Release */ = {
			isa = XCBuildConfiguration;
			buildSettings = {
				ALWAYS_SEARCH_USER_PATHS = NO;
				CLANG_ANALYZER_NONNULL = YES;
				CLANG_ANALYZER_NUMBER_OBJECT_CONVERSION = YES_AGGRESSIVE;
				CLANG_CXX_LANGUAGE_STANDARD = "gnu++14";
				CLANG_CXX_LIBRARY = "libc++";
				CLANG_ENABLE_MODULES = YES;
				CLANG_ENABLE_OBJC_ARC = YES;
				CLANG_WARN_BLOCK_CAPTURE_AUTORELEASING = YES;
				CLANG_WARN_BOOL_CONVERSION = YES;
				CLANG_WARN_COMMA = YES;
				CLANG_WARN_CONSTANT_CONVERSION = YES;
				CLANG_WARN_DIRECT_OBJC_ISA_USAGE = YES_ERROR;
				CLANG_WARN_DOCUMENTATION_COMMENTS = YES;
				CLANG_WARN_EMPTY_BODY = YES;
				CLANG_WARN_ENUM_CONVERSION = YES;
				CLANG_WARN_INFINITE_RECURSION = YES;
				CLANG_WARN_INT_CONVERSION = YES;
				CLANG_WARN_NON_LITERAL_NULL_CONVERSION = YES;
				CLANG_WARN_OBJC_LITERAL_CONVERSION = YES;
				CLANG_WARN_OBJC_ROOT_CLASS = YES_ERROR;
				CLANG_WARN_RANGE_LOOP_ANALYSIS = YES;
				CLANG_WARN_STRICT_PROTOTYPES = YES;
				CLANG_WARN_SUSPICIOUS_MOVE = YES;
				CLANG_WARN_UNGUARDED_AVAILABILITY = YES_AGGRESSIVE;
				CLANG_WARN_UNREACHABLE_CODE = YES;
				CLANG_WARN__DUPLICATE_METHOD_MATCH = YES;
				CODE_SIGN_IDENTITY = "iPhone Developer";
				COPY_PHASE_STRIP = NO;
				DEBUG_INFORMATION_FORMAT = "dwarf-with-dsym";
				ENABLE_NS_ASSERTIONS = NO;
				ENABLE_STRICT_OBJC_MSGSEND = YES;
				GCC_C_LANGUAGE_STANDARD = gnu11;
				GCC_NO_COMMON_BLOCKS = YES;
				GCC_WARN_64_TO_32_BIT_CONVERSION = YES;
				GCC_WARN_ABOUT_RETURN_TYPE = YES_ERROR;
				GCC_WARN_UNDECLARED_SELECTOR = YES;
				GCC_WARN_UNINITIALIZED_AUTOS = YES_AGGRESSIVE;
				GCC_WARN_UNUSED_FUNCTION = YES;
				GCC_WARN_UNUSED_VARIABLE = YES;
				IPHONEOS_DEPLOYMENT_TARGET = 11.2;
				MTL_ENABLE_DEBUG_INFO = NO;
				SDKROOT = iphoneos;
				SWIFT_OPTIMIZATION_LEVEL = "-Owholemodule";
				VALIDATE_PRODUCT = YES;
			};
			name = Release;
		};
		8F4A1FCD1FDB121900FAE39E /* Debug */ = {
			isa = XCBuildConfiguration;
			baseConfigurationReference = 52E6BE01B18F7EA59DB71333 /* Pods-MacawTesting.debug.xcconfig */;
			buildSettings = {
				ASSETCATALOG_COMPILER_APPICON_NAME = AppIcon;
				CODE_SIGN_STYLE = Automatic;
				DEVELOPMENT_TEAM = 4DW5T5FPEZ;
				INFOPLIST_FILE = MacawTesting/Info.plist;
				LD_RUNPATH_SEARCH_PATHS = "$(inherited) @executable_path/Frameworks";
				PRODUCT_BUNDLE_IDENTIFIER = com.raghav.MacawTesting;
				PRODUCT_NAME = "$(TARGET_NAME)";
				SWIFT_VERSION = 4.0;
				TARGETED_DEVICE_FAMILY = "1,2";
			};
			name = Debug;
		};
		8F4A1FCE1FDB121900FAE39E /* Release */ = {
			isa = XCBuildConfiguration;
			baseConfigurationReference = 4D684920B3BE9FFDA0BD31AC /* Pods-MacawTesting.release.xcconfig */;
			buildSettings = {
				ASSETCATALOG_COMPILER_APPICON_NAME = AppIcon;
				CODE_SIGN_STYLE = Automatic;
				DEVELOPMENT_TEAM = 4DW5T5FPEZ;
				INFOPLIST_FILE = MacawTesting/Info.plist;
				LD_RUNPATH_SEARCH_PATHS = "$(inherited) @executable_path/Frameworks";
				PRODUCT_BUNDLE_IDENTIFIER = com.raghav.MacawTesting;
				PRODUCT_NAME = "$(TARGET_NAME)";
				SWIFT_VERSION = 4.0;
				TARGETED_DEVICE_FAMILY = "1,2";
			};
			name = Release;
		};
/* End XCBuildConfiguration section */

/* Begin XCConfigurationList section */
		8F4A1FB51FDB121800FAE39E /* Build configuration list for PBXProject "MacawTesting" */ = {
			isa = XCConfigurationList;
			buildConfigurations = (
				8F4A1FCA1FDB121900FAE39E /* Debug */,
				8F4A1FCB1FDB121900FAE39E /* Release */,
			);
			defaultConfigurationIsVisible = 0;
			defaultConfigurationName = Release;
		};
		8F4A1FCC1FDB121900FAE39E /* Build configuration list for PBXNativeTarget "MacawTesting" */ = {
			isa = XCConfigurationList;
			buildConfigurations = (
				8F4A1FCD1FDB121900FAE39E /* Debug */,
				8F4A1FCE1FDB121900FAE39E /* Release */,
			);
			defaultConfigurationIsVisible = 0;
			defaultConfigurationName = Release;
		};
/* End XCConfigurationList section */
	};
	rootObject = 8F4A1FB21FDB121800FAE39E /* Project object */;
}
